
Microsoft Visual Studio Solution File, Format Version 12.00
# Visual Studio 15
VisualStudioVersion = 15.0.28010.2016
MinimumVisualStudioVersion = 10.0.40219.1
Project("{FAE04EC0-301F-11D3-BF4B-00C04F79EFBC}") = "ContactsAppUI", "ContactsAppUI\ContactsAppUI.csproj", "{F761959D-AE03-4FE9-BEA8-25746C25EEBE}"
EndProject
Project("{FAE04EC0-301F-11D3-BF4B-00C04F79EFBC}") = "ContactsApp", "ContactsApp\ContactsApp.csproj", "{2F8D5222-3B9C-40AE-93B3-F46B75B84FF3}"
EndProject
Project("{FAE04EC0-301F-11D3-BF4B-00C04F79EFBC}") = "UnitTests. ContactApp", "UnitTestProject1\UnitTests. ContactApp.csproj", "{6C6369C1-BE39-4652-AACB-3874732D969F}"
EndProject
Global
	GlobalSection(SolutionConfigurationPlatforms) = preSolution
		Debug|Any CPU = Debug|Any CPU
		Release|Any CPU = Release|Any CPU
	EndGlobalSection
	GlobalSection(ProjectConfigurationPlatforms) = postSolution
		{F761959D-AE03-4FE9-BEA8-25746C25EEBE}.Debug|Any CPU.ActiveCfg = Debug|Any CPU
		{F761959D-AE03-4FE9-BEA8-25746C25EEBE}.Debug|Any CPU.Build.0 = Debug|Any CPU
		{F761959D-AE03-4FE9-BEA8-25746C25EEBE}.Release|Any CPU.ActiveCfg = Release|Any CPU
		{F761959D-AE03-4FE9-BEA8-25746C25EEBE}.Release|Any CPU.Build.0 = Release|Any CPU
		{2F8D5222-3B9C-40AE-93B3-F46B75B84FF3}.Debug|Any CPU.ActiveCfg = Debug|Any CPU
		{2F8D5222-3B9C-40AE-93B3-F46B75B84FF3}.Debug|Any CPU.Build.0 = Debug|Any CPU
		{2F8D5222-3B9C-40AE-93B3-F46B75B84FF3}.Release|Any CPU.ActiveCfg = Release|Any CPU
		{2F8D5222-3B9C-40AE-93B3-F46B75B84FF3}.Release|Any CPU.Build.0 = Release|Any CPU
		{6C6369C1-BE39-4652-AACB-3874732D969F}.Debug|Any CPU.ActiveCfg = Debug|Any CPU
		{6C6369C1-BE39-4652-AACB-3874732D969F}.Debug|Any CPU.Build.0 = Debug|Any CPU
		{6C6369C1-BE39-4652-AACB-3874732D969F}.Release|Any CPU.ActiveCfg = Release|Any CPU
		{6C6369C1-BE39-4652-AACB-3874732D969F}.Release|Any CPU.Build.0 = Release|Any CPU
	EndGlobalSection
	GlobalSection(SolutionProperties) = preSolution
		HideSolutionNode = FALSE
	EndGlobalSection
	GlobalSection(ExtensibilityGlobals) = postSolution
		SolutionGuid = {31E28559-7853-4E28-AABC-A87CE03AD47C}
	EndGlobalSection
EndGlobal
